// !$*UTF8*$!
{
	archiveVersion = 1;
	classes = {
	};
	objectVersion = 51;
	objects = {

/* Begin PBXBuildFile section */
		44FAB4CA2670CCFB000B5292 /* ZKSyncSampleTests.swift in Sources */ = {isa = PBXBuildFile; fileRef = 44FAB4C92670CCFB000B5292 /* ZKSyncSampleTests.swift */; };
		44FAB4DB2670CDC6000B5292 /* ZKSyncSDKTests.swift in Sources */ = {isa = PBXBuildFile; fileRef = 44FAB4DA2670CDC6000B5292 /* ZKSyncSDKTests.swift */; };
		8111E3A74DF8516C46D5F318 /* Pods_ZKSyncSampleTests.framework in Frameworks */ = {isa = PBXBuildFile; fileRef = 11C383FD6FC59B7BAEC3685A /* Pods_ZKSyncSampleTests.framework */; };
		8848C671599C5F24BAB62A5E /* Pods_ZKSyncSample.framework in Frameworks */ = {isa = PBXBuildFile; fileRef = 46E4E1CA802FCFCE9FE9C2DD /* Pods_ZKSyncSample.framework */; };
		F6ACFEEA254142B300019C73 /* AppDelegate.swift in Sources */ = {isa = PBXBuildFile; fileRef = F6ACFEE9254142B300019C73 /* AppDelegate.swift */; };
		F6ACFEEC254142B300019C73 /* SceneDelegate.swift in Sources */ = {isa = PBXBuildFile; fileRef = F6ACFEEB254142B300019C73 /* SceneDelegate.swift */; };
		F6ACFEEE254142B300019C73 /* ContentView.swift in Sources */ = {isa = PBXBuildFile; fileRef = F6ACFEED254142B300019C73 /* ContentView.swift */; };
		F6ACFEF0254142B300019C73 /* Assets.xcassets in Resources */ = {isa = PBXBuildFile; fileRef = F6ACFEEF254142B300019C73 /* Assets.xcassets */; };
		F6ACFEF3254142B300019C73 /* Preview Assets.xcassets in Resources */ = {isa = PBXBuildFile; fileRef = F6ACFEF2254142B300019C73 /* Preview Assets.xcassets */; };
		F6ACFEF6254142B300019C73 /* LaunchScreen.storyboard in Resources */ = {isa = PBXBuildFile; fileRef = F6ACFEF4254142B300019C73 /* LaunchScreen.storyboard */; };
/* End PBXBuildFile section */

/* Begin PBXContainerItemProxy section */
		44FAB4CC2670CCFB000B5292 /* PBXContainerItemProxy */ = {
			isa = PBXContainerItemProxy;
			containerPortal = F6ACFEDE254142B200019C73 /* Project object */;
			proxyType = 1;
			remoteGlobalIDString = F6ACFEE5254142B200019C73;
			remoteInfo = ZKSyncSample;
		};
/* End PBXContainerItemProxy section */

/* Begin PBXFileReference section */
		11C383FD6FC59B7BAEC3685A /* Pods_ZKSyncSampleTests.framework */ = {isa = PBXFileReference; explicitFileType = wrapper.framework; includeInIndex = 0; path = Pods_ZKSyncSampleTests.framework; sourceTree = BUILT_PRODUCTS_DIR; };
		44FAB4C72670CCFB000B5292 /* ZKSyncSampleTests.xctest */ = {isa = PBXFileReference; explicitFileType = wrapper.cfbundle; includeInIndex = 0; path = ZKSyncSampleTests.xctest; sourceTree = BUILT_PRODUCTS_DIR; };
		44FAB4C92670CCFB000B5292 /* ZKSyncSampleTests.swift */ = {isa = PBXFileReference; lastKnownFileType = sourcecode.swift; path = ZKSyncSampleTests.swift; sourceTree = "<group>"; };
		44FAB4CB2670CCFB000B5292 /* Info.plist */ = {isa = PBXFileReference; lastKnownFileType = text.plist.xml; path = Info.plist; sourceTree = "<group>"; };
		44FAB4DA2670CDC6000B5292 /* ZKSyncSDKTests.swift */ = {isa = PBXFileReference; fileEncoding = 4; lastKnownFileType = sourcecode.swift; path = ZKSyncSDKTests.swift; sourceTree = "<group>"; };
		46E4E1CA802FCFCE9FE9C2DD /* Pods_ZKSyncSample.framework */ = {isa = PBXFileReference; explicitFileType = wrapper.framework; includeInIndex = 0; path = Pods_ZKSyncSample.framework; sourceTree = BUILT_PRODUCTS_DIR; };
		47C49AE0779D39C9E924563E /* Pods-ZKSyncSampleTests.release.xcconfig */ = {isa = PBXFileReference; includeInIndex = 1; lastKnownFileType = text.xcconfig; name = "Pods-ZKSyncSampleTests.release.xcconfig"; path = "Target Support Files/Pods-ZKSyncSampleTests/Pods-ZKSyncSampleTests.release.xcconfig"; sourceTree = "<group>"; };
		8C455E29977733B68C0C0416 /* Pods-ZKSyncSample.debug.xcconfig */ = {isa = PBXFileReference; includeInIndex = 1; lastKnownFileType = text.xcconfig; name = "Pods-ZKSyncSample.debug.xcconfig"; path = "Target Support Files/Pods-ZKSyncSample/Pods-ZKSyncSample.debug.xcconfig"; sourceTree = "<group>"; };
		A01DED6C3BB79995481939D3 /* Pods-ZKSyncSample.release.xcconfig */ = {isa = PBXFileReference; includeInIndex = 1; lastKnownFileType = text.xcconfig; name = "Pods-ZKSyncSample.release.xcconfig"; path = "Target Support Files/Pods-ZKSyncSample/Pods-ZKSyncSample.release.xcconfig"; sourceTree = "<group>"; };
		B20016FE45A1ED7CFF285FFB /* Pods-ZKSyncSampleTests.debug.xcconfig */ = {isa = PBXFileReference; includeInIndex = 1; lastKnownFileType = text.xcconfig; name = "Pods-ZKSyncSampleTests.debug.xcconfig"; path = "Target Support Files/Pods-ZKSyncSampleTests/Pods-ZKSyncSampleTests.debug.xcconfig"; sourceTree = "<group>"; };
		F6ACFEE6254142B200019C73 /* ZKSyncSample.app */ = {isa = PBXFileReference; explicitFileType = wrapper.application; includeInIndex = 0; path = ZKSyncSample.app; sourceTree = BUILT_PRODUCTS_DIR; };
		F6ACFEE9254142B300019C73 /* AppDelegate.swift */ = {isa = PBXFileReference; lastKnownFileType = sourcecode.swift; path = AppDelegate.swift; sourceTree = "<group>"; };
		F6ACFEEB254142B300019C73 /* SceneDelegate.swift */ = {isa = PBXFileReference; lastKnownFileType = sourcecode.swift; path = SceneDelegate.swift; sourceTree = "<group>"; };
		F6ACFEED254142B300019C73 /* ContentView.swift */ = {isa = PBXFileReference; lastKnownFileType = sourcecode.swift; path = ContentView.swift; sourceTree = "<group>"; };
		F6ACFEEF254142B300019C73 /* Assets.xcassets */ = {isa = PBXFileReference; lastKnownFileType = folder.assetcatalog; path = Assets.xcassets; sourceTree = "<group>"; };
		F6ACFEF2254142B300019C73 /* Preview Assets.xcassets */ = {isa = PBXFileReference; lastKnownFileType = folder.assetcatalog; path = "Preview Assets.xcassets"; sourceTree = "<group>"; };
		F6ACFEF5254142B300019C73 /* Base */ = {isa = PBXFileReference; lastKnownFileType = file.storyboard; name = Base; path = Base.lproj/LaunchScreen.storyboard; sourceTree = "<group>"; };
		F6ACFEF7254142B300019C73 /* Info.plist */ = {isa = PBXFileReference; lastKnownFileType = text.plist.xml; path = Info.plist; sourceTree = "<group>"; };
		F6ACFF0E2541666B00019C73 /* ZKSyncSDK.framework */ = {isa = PBXFileReference; explicitFileType = wrapper.framework; path = ZKSyncSDK.framework; sourceTree = BUILT_PRODUCTS_DIR; };
/* End PBXFileReference section */

/* Begin PBXFrameworksBuildPhase section */
		44FAB4C42670CCFB000B5292 /* Frameworks */ = {
			isa = PBXFrameworksBuildPhase;
			buildActionMask = 2147483647;
			files = (
				8111E3A74DF8516C46D5F318 /* Pods_ZKSyncSampleTests.framework in Frameworks */,
			);
			runOnlyForDeploymentPostprocessing = 0;
		};
		F6ACFEE3254142B200019C73 /* Frameworks */ = {
			isa = PBXFrameworksBuildPhase;
			buildActionMask = 2147483647;
			files = (
				8848C671599C5F24BAB62A5E /* Pods_ZKSyncSample.framework in Frameworks */,
			);
			runOnlyForDeploymentPostprocessing = 0;
		};
/* End PBXFrameworksBuildPhase section */

/* Begin PBXGroup section */
		44FAB4C82670CCFB000B5292 /* ZKSyncSampleTests */ = {
			isa = PBXGroup;
			children = (
				44FAB4C92670CCFB000B5292 /* ZKSyncSampleTests.swift */,
				44FAB4DA2670CDC6000B5292 /* ZKSyncSDKTests.swift */,
				44FAB4CB2670CCFB000B5292 /* Info.plist */,
			);
			path = ZKSyncSampleTests;
			sourceTree = "<group>";
		};
		A572789E489E22628138A5DB /* Pods */ = {
			isa = PBXGroup;
			children = (
				8C455E29977733B68C0C0416 /* Pods-ZKSyncSample.debug.xcconfig */,
				A01DED6C3BB79995481939D3 /* Pods-ZKSyncSample.release.xcconfig */,
				B20016FE45A1ED7CFF285FFB /* Pods-ZKSyncSampleTests.debug.xcconfig */,
				47C49AE0779D39C9E924563E /* Pods-ZKSyncSampleTests.release.xcconfig */,
			);
			path = Pods;
			sourceTree = "<group>";
		};
		F6ACFEDD254142B200019C73 = {
			isa = PBXGroup;
			children = (
				F6ACFEE8254142B200019C73 /* ZKSyncSample */,
				44FAB4C82670CCFB000B5292 /* ZKSyncSampleTests */,
				F6ACFEE7254142B200019C73 /* Products */,
				F6ACFF07254162E600019C73 /* Frameworks */,
				A572789E489E22628138A5DB /* Pods */,
			);
			sourceTree = "<group>";
		};
		F6ACFEE7254142B200019C73 /* Products */ = {
			isa = PBXGroup;
			children = (
				F6ACFEE6254142B200019C73 /* ZKSyncSample.app */,
				44FAB4C72670CCFB000B5292 /* ZKSyncSampleTests.xctest */,
			);
			name = Products;
			sourceTree = "<group>";
		};
		F6ACFEE8254142B200019C73 /* ZKSyncSample */ = {
			isa = PBXGroup;
			children = (
				F6ACFEE9254142B300019C73 /* AppDelegate.swift */,
				F6ACFEEB254142B300019C73 /* SceneDelegate.swift */,
				F6ACFEED254142B300019C73 /* ContentView.swift */,
				F6ACFEEF254142B300019C73 /* Assets.xcassets */,
				F6ACFEF4254142B300019C73 /* LaunchScreen.storyboard */,
				F6ACFEF7254142B300019C73 /* Info.plist */,
				F6ACFEF1254142B300019C73 /* Preview Content */,
			);
			path = ZKSyncSample;
			sourceTree = "<group>";
		};
		F6ACFEF1254142B300019C73 /* Preview Content */ = {
			isa = PBXGroup;
			children = (
				F6ACFEF2254142B300019C73 /* Preview Assets.xcassets */,
			);
			path = "Preview Content";
			sourceTree = "<group>";
		};
		F6ACFF07254162E600019C73 /* Frameworks */ = {
			isa = PBXGroup;
			children = (
				F6ACFF0E2541666B00019C73 /* ZKSyncSDK.framework */,
				46E4E1CA802FCFCE9FE9C2DD /* Pods_ZKSyncSample.framework */,
				11C383FD6FC59B7BAEC3685A /* Pods_ZKSyncSampleTests.framework */,
			);
			name = Frameworks;
			sourceTree = "<group>";
		};
/* End PBXGroup section */

/* Begin PBXNativeTarget section */
		44FAB4C62670CCFB000B5292 /* ZKSyncSampleTests */ = {
			isa = PBXNativeTarget;
			buildConfigurationList = 44FAB4D02670CCFB000B5292 /* Build configuration list for PBXNativeTarget "ZKSyncSampleTests" */;
			buildPhases = (
				3EF9E13482D657B5EBFD0B3E /* [CP] Check Pods Manifest.lock */,
				44FAB4C32670CCFB000B5292 /* Sources */,
				44FAB4C42670CCFB000B5292 /* Frameworks */,
				44FAB4C52670CCFB000B5292 /* Resources */,
			);
			buildRules = (
			);
			dependencies = (
				44FAB4CD2670CCFB000B5292 /* PBXTargetDependency */,
			);
			name = ZKSyncSampleTests;
			productName = ZKSyncSampleTests;
			productReference = 44FAB4C72670CCFB000B5292 /* ZKSyncSampleTests.xctest */;
			productType = "com.apple.product-type.bundle.unit-test";
		};
		F6ACFEE5254142B200019C73 /* ZKSyncSample */ = {
			isa = PBXNativeTarget;
			buildConfigurationList = F6ACFEFA254142B300019C73 /* Build configuration list for PBXNativeTarget "ZKSyncSample" */;
			buildPhases = (
				01D8EFC1E45BAF4C9040713A /* [CP] Check Pods Manifest.lock */,
				F6ACFEE2254142B200019C73 /* Sources */,
				F6ACFEE3254142B200019C73 /* Frameworks */,
				F6ACFEE4254142B200019C73 /* Resources */,
				286134268F2DD4B975DE51CB /* [CP] Embed Pods Frameworks */,
			);
			buildRules = (
			);
			dependencies = (
			);
			name = ZKSyncSample;
			productName = ZKSyncSample;
			productReference = F6ACFEE6254142B200019C73 /* ZKSyncSample.app */;
			productType = "com.apple.product-type.application";
		};
/* End PBXNativeTarget section */

/* Begin PBXProject section */
		F6ACFEDE254142B200019C73 /* Project object */ = {
			isa = PBXProject;
			attributes = {
				LastSwiftUpdateCheck = 1240;
				LastUpgradeCheck = 1110;
				ORGANIZATIONNAME = sirintellect;
				TargetAttributes = {
					44FAB4C62670CCFB000B5292 = {
						CreatedOnToolsVersion = 12.4;
						TestTargetID = F6ACFEE5254142B200019C73;
					};
					F6ACFEE5254142B200019C73 = {
						CreatedOnToolsVersion = 11.1;
					};
				};
			};
			buildConfigurationList = F6ACFEE1254142B200019C73 /* Build configuration list for PBXProject "ZKSyncSample" */;
			compatibilityVersion = "Xcode 9.3";
			developmentRegion = en;
			hasScannedForEncodings = 0;
			knownRegions = (
				en,
				Base,
			);
			mainGroup = F6ACFEDD254142B200019C73;
			productRefGroup = F6ACFEE7254142B200019C73 /* Products */;
			projectDirPath = "";
			projectRoot = "";
			targets = (
				F6ACFEE5254142B200019C73 /* ZKSyncSample */,
				44FAB4C62670CCFB000B5292 /* ZKSyncSampleTests */,
			);
		};
/* End PBXProject section */

/* Begin PBXResourcesBuildPhase section */
		44FAB4C52670CCFB000B5292 /* Resources */ = {
			isa = PBXResourcesBuildPhase;
			buildActionMask = 2147483647;
			files = (
			);
			runOnlyForDeploymentPostprocessing = 0;
		};
		F6ACFEE4254142B200019C73 /* Resources */ = {
			isa = PBXResourcesBuildPhase;
			buildActionMask = 2147483647;
			files = (
				F6ACFEF6254142B300019C73 /* LaunchScreen.storyboard in Resources */,
				F6ACFEF3254142B300019C73 /* Preview Assets.xcassets in Resources */,
				F6ACFEF0254142B300019C73 /* Assets.xcassets in Resources */,
			);
			runOnlyForDeploymentPostprocessing = 0;
		};
/* End PBXResourcesBuildPhase section */

/* Begin PBXShellScriptBuildPhase section */
		01D8EFC1E45BAF4C9040713A /* [CP] Check Pods Manifest.lock */ = {
			isa = PBXShellScriptBuildPhase;
			buildActionMask = 2147483647;
			files = (
			);
			inputFileListPaths = (
			);
			inputPaths = (
				"${PODS_PODFILE_DIR_PATH}/Podfile.lock",
				"${PODS_ROOT}/Manifest.lock",
			);
			name = "[CP] Check Pods Manifest.lock";
			outputFileListPaths = (
			);
			outputPaths = (
				"$(DERIVED_FILE_DIR)/Pods-ZKSyncSample-checkManifestLockResult.txt",
			);
			runOnlyForDeploymentPostprocessing = 0;
			shellPath = /bin/sh;
			shellScript = "diff \"${PODS_PODFILE_DIR_PATH}/Podfile.lock\" \"${PODS_ROOT}/Manifest.lock\" > /dev/null\nif [ $? != 0 ] ; then\n    # print error to STDERR\n    echo \"error: The sandbox is not in sync with the Podfile.lock. Run 'pod install' or update your CocoaPods installation.\" >&2\n    exit 1\nfi\n# This output is used by Xcode 'outputs' to avoid re-running this script phase.\necho \"SUCCESS\" > \"${SCRIPT_OUTPUT_FILE_0}\"\n";
			showEnvVarsInLog = 0;
		};
		286134268F2DD4B975DE51CB /* [CP] Embed Pods Frameworks */ = {
			isa = PBXShellScriptBuildPhase;
			buildActionMask = 2147483647;
			files = (
			);
			inputFileListPaths = (
				"${PODS_ROOT}/Target Support Files/Pods-ZKSyncSample/Pods-ZKSyncSample-frameworks-${CONFIGURATION}-input-files.xcfilelist",
			);
			name = "[CP] Embed Pods Frameworks";
			outputFileListPaths = (
				"${PODS_ROOT}/Target Support Files/Pods-ZKSyncSample/Pods-ZKSyncSample-frameworks-${CONFIGURATION}-output-files.xcfilelist",
			);
			runOnlyForDeploymentPostprocessing = 0;
			shellPath = /bin/sh;
			shellScript = "\"${PODS_ROOT}/Target Support Files/Pods-ZKSyncSample/Pods-ZKSyncSample-frameworks.sh\"\n";
			showEnvVarsInLog = 0;
		};
		3EF9E13482D657B5EBFD0B3E /* [CP] Check Pods Manifest.lock */ = {
			isa = PBXShellScriptBuildPhase;
			buildActionMask = 2147483647;
			files = (
			);
			inputFileListPaths = (
			);
			inputPaths = (
				"${PODS_PODFILE_DIR_PATH}/Podfile.lock",
				"${PODS_ROOT}/Manifest.lock",
			);
			name = "[CP] Check Pods Manifest.lock";
			outputFileListPaths = (
			);
			outputPaths = (
				"$(DERIVED_FILE_DIR)/Pods-ZKSyncSampleTests-checkManifestLockResult.txt",
			);
			runOnlyForDeploymentPostprocessing = 0;
			shellPath = /bin/sh;
			shellScript = "diff \"${PODS_PODFILE_DIR_PATH}/Podfile.lock\" \"${PODS_ROOT}/Manifest.lock\" > /dev/null\nif [ $? != 0 ] ; then\n    # print error to STDERR\n    echo \"error: The sandbox is not in sync with the Podfile.lock. Run 'pod install' or update your CocoaPods installation.\" >&2\n    exit 1\nfi\n# This output is used by Xcode 'outputs' to avoid re-running this script phase.\necho \"SUCCESS\" > \"${SCRIPT_OUTPUT_FILE_0}\"\n";
			showEnvVarsInLog = 0;
		};
/* End PBXShellScriptBuildPhase section */

/* Begin PBXSourcesBuildPhase section */
		44FAB4C32670CCFB000B5292 /* Sources */ = {
			isa = PBXSourcesBuildPhase;
			buildActionMask = 2147483647;
			files = (
				44FAB4DB2670CDC6000B5292 /* ZKSyncSDKTests.swift in Sources */,
				44FAB4CA2670CCFB000B5292 /* ZKSyncSampleTests.swift in Sources */,
			);
			runOnlyForDeploymentPostprocessing = 0;
		};
		F6ACFEE2254142B200019C73 /* Sources */ = {
			isa = PBXSourcesBuildPhase;
			buildActionMask = 2147483647;
			files = (
				F6ACFEEA254142B300019C73 /* AppDelegate.swift in Sources */,
				F6ACFEEC254142B300019C73 /* SceneDelegate.swift in Sources */,
				F6ACFEEE254142B300019C73 /* ContentView.swift in Sources */,
			);
			runOnlyForDeploymentPostprocessing = 0;
		};
/* End PBXSourcesBuildPhase section */

/* Begin PBXTargetDependency section */
		44FAB4CD2670CCFB000B5292 /* PBXTargetDependency */ = {
			isa = PBXTargetDependency;
			target = F6ACFEE5254142B200019C73 /* ZKSyncSample */;
			targetProxy = 44FAB4CC2670CCFB000B5292 /* PBXContainerItemProxy */;
		};
/* End PBXTargetDependency section */

/* Begin PBXVariantGroup section */
		F6ACFEF4254142B300019C73 /* LaunchScreen.storyboard */ = {
			isa = PBXVariantGroup;
			children = (
				F6ACFEF5254142B300019C73 /* Base */,
			);
			name = LaunchScreen.storyboard;
			sourceTree = "<group>";
		};
/* End PBXVariantGroup section */

/* Begin XCBuildConfiguration section */
		44FAB4CE2670CCFB000B5292 /* Debug */ = {
			isa = XCBuildConfiguration;
			baseConfigurationReference = B20016FE45A1ED7CFF285FFB /* Pods-ZKSyncSampleTests.debug.xcconfig */;
			buildSettings = {
				BUNDLE_LOADER = "$(TEST_HOST)";
				CLANG_WARN_QUOTED_INCLUDE_IN_FRAMEWORK_HEADER = YES;
				CODE_SIGN_STYLE = Automatic;
				DEVELOPMENT_TEAM = E2RL54QKRY;
				INFOPLIST_FILE = ZKSyncSampleTests/Info.plist;
				IPHONEOS_DEPLOYMENT_TARGET = 14.4;
				LD_RUNPATH_SEARCH_PATHS = (
					"$(inherited)",
					"@executable_path/Frameworks",
					"@loader_path/Frameworks",
				);
				PRODUCT_BUNDLE_IDENTIFIER = home.ZKSyncSampleTests;
				PRODUCT_NAME = "$(TARGET_NAME)";
				SWIFT_VERSION = 5.0;
				TARGETED_DEVICE_FAMILY = "1,2";
				TEST_HOST = "$(BUILT_PRODUCTS_DIR)/ZKSyncSample.app/ZKSyncSample";
			};
			name = Debug;
		};
		44FAB4CF2670CCFB000B5292 /* Release */ = {
			isa = XCBuildConfiguration;
			baseConfigurationReference = 47C49AE0779D39C9E924563E /* Pods-ZKSyncSampleTests.release.xcconfig */;
			buildSettings = {
				BUNDLE_LOADER = "$(TEST_HOST)";
				CLANG_WARN_QUOTED_INCLUDE_IN_FRAMEWORK_HEADER = YES;
				CODE_SIGN_STYLE = Automatic;
				DEVELOPMENT_TEAM = E2RL54QKRY;
				INFOPLIST_FILE = ZKSyncSampleTests/Info.plist;
				IPHONEOS_DEPLOYMENT_TARGET = 14.4;
				LD_RUNPATH_SEARCH_PATHS = (
					"$(inherited)",
					"@executable_path/Frameworks",
					"@loader_path/Frameworks",
				);
				PRODUCT_BUNDLE_IDENTIFIER = home.ZKSyncSampleTests;
				PRODUCT_NAME = "$(TARGET_NAME)";
				SWIFT_VERSION = 5.0;
				TARGETED_DEVICE_FAMILY = "1,2";
				TEST_HOST = "$(BUILT_PRODUCTS_DIR)/ZKSyncSample.app/ZKSyncSample";
			};
			name = Release;
		};
		F6ACFEF8254142B300019C73 /* Debug */ = {
			isa = XCBuildConfiguration;
			buildSettings = {
				ALWAYS_SEARCH_USER_PATHS = NO;
				CLANG_ANALYZER_NONNULL = YES;
				CLANG_ANALYZER_NUMBER_OBJECT_CONVERSION = YES_AGGRESSIVE;
				CLANG_CXX_LANGUAGE_STANDARD = "gnu++14";
				CLANG_CXX_LIBRARY = "libc++";
				CLANG_ENABLE_MODULES = YES;
				CLANG_ENABLE_OBJC_ARC = YES;
				CLANG_ENABLE_OBJC_WEAK = YES;
				CLANG_WARN_BLOCK_CAPTURE_AUTORELEASING = YES;
				CLANG_WARN_BOOL_CONVERSION = YES;
				CLANG_WARN_COMMA = YES;
				CLANG_WARN_CONSTANT_CONVERSION = YES;
				CLANG_WARN_DEPRECATED_OBJC_IMPLEMENTATIONS = YES;
				CLANG_WARN_DIRECT_OBJC_ISA_USAGE = YES_ERROR;
				CLANG_WARN_DOCUMENTATION_COMMENTS = YES;
				CLANG_WARN_EMPTY_BODY = YES;
				CLANG_WARN_ENUM_CONVERSION = YES;
				CLANG_WARN_INFINITE_RECURSION = YES;
				CLANG_WARN_INT_CONVERSION = YES;
				CLANG_WARN_NON_LITERAL_NULL_CONVERSION = YES;
				CLANG_WARN_OBJC_IMPLICIT_RETAIN_SELF = YES;
				CLANG_WARN_OBJC_LITERAL_CONVERSION = YES;
				CLANG_WARN_OBJC_ROOT_CLASS = YES_ERROR;
				CLANG_WARN_RANGE_LOOP_ANALYSIS = YES;
				CLANG_WARN_STRICT_PROTOTYPES = YES;
				CLANG_WARN_SUSPICIOUS_MOVE = YES;
				CLANG_WARN_UNGUARDED_AVAILABILITY = YES_AGGRESSIVE;
				CLANG_WARN_UNREACHABLE_CODE = YES;
				CLANG_WARN__DUPLICATE_METHOD_MATCH = YES;
				COPY_PHASE_STRIP = NO;
				DEBUG_INFORMATION_FORMAT = dwarf;
				ENABLE_STRICT_OBJC_MSGSEND = YES;
				ENABLE_TESTABILITY = YES;
				GCC_C_LANGUAGE_STANDARD = gnu11;
				GCC_DYNAMIC_NO_PIC = NO;
				GCC_NO_COMMON_BLOCKS = YES;
				GCC_OPTIMIZATION_LEVEL = 0;
				GCC_PREPROCESSOR_DEFINITIONS = (
					"DEBUG=1",
					"$(inherited)",
				);
				GCC_WARN_64_TO_32_BIT_CONVERSION = YES;
				GCC_WARN_ABOUT_RETURN_TYPE = YES_ERROR;
				GCC_WARN_UNDECLARED_SELECTOR = YES;
				GCC_WARN_UNINITIALIZED_AUTOS = YES_AGGRESSIVE;
				GCC_WARN_UNUSED_FUNCTION = YES;
				GCC_WARN_UNUSED_VARIABLE = YES;
				IPHONEOS_DEPLOYMENT_TARGET = 13.1;
				MTL_ENABLE_DEBUG_INFO = INCLUDE_SOURCE;
				MTL_FAST_MATH = YES;
				ONLY_ACTIVE_ARCH = YES;
				SDKROOT = iphoneos;
				SWIFT_ACTIVE_COMPILATION_CONDITIONS = DEBUG;
				SWIFT_OPTIMIZATION_LEVEL = "-Onone";
			};
			name = Debug;
		};
		F6ACFEF9254142B300019C73 /* Release */ = {
			isa = XCBuildConfiguration;
			buildSettings = {
				ALWAYS_SEARCH_USER_PATHS = NO;
				CLANG_ANALYZER_NONNULL = YES;
				CLANG_ANALYZER_NUMBER_OBJECT_CONVERSION = YES_AGGRESSIVE;
				CLANG_CXX_LANGUAGE_STANDARD = "gnu++14";
				CLANG_CXX_LIBRARY = "libc++";
				CLANG_ENABLE_MODULES = YES;
				CLANG_ENABLE_OBJC_ARC = YES;
				CLANG_ENABLE_OBJC_WEAK = YES;
				CLANG_WARN_BLOCK_CAPTURE_AUTORELEASING = YES;
				CLANG_WARN_BOOL_CONVERSION = YES;
				CLANG_WARN_COMMA = YES;
				CLANG_WARN_CONSTANT_CONVERSION = YES;
				CLANG_WARN_DEPRECATED_OBJC_IMPLEMENTATIONS = YES;
				CLANG_WARN_DIRECT_OBJC_ISA_USAGE = YES_ERROR;
				CLANG_WARN_DOCUMENTATION_COMMENTS = YES;
				CLANG_WARN_EMPTY_BODY = YES;
				CLANG_WARN_ENUM_CONVERSION = YES;
				CLANG_WARN_INFINITE_RECURSION = YES;
				CLANG_WARN_INT_CONVERSION = YES;
				CLANG_WARN_NON_LITERAL_NULL_CONVERSION = YES;
				CLANG_WARN_OBJC_IMPLICIT_RETAIN_SELF = YES;
				CLANG_WARN_OBJC_LITERAL_CONVERSION = YES;
				CLANG_WARN_OBJC_ROOT_CLASS = YES_ERROR;
				CLANG_WARN_RANGE_LOOP_ANALYSIS = YES;
				CLANG_WARN_STRICT_PROTOTYPES = YES;
				CLANG_WARN_SUSPICIOUS_MOVE = YES;
				CLANG_WARN_UNGUARDED_AVAILABILITY = YES_AGGRESSIVE;
				CLANG_WARN_UNREACHABLE_CODE = YES;
				CLANG_WARN__DUPLICATE_METHOD_MATCH = YES;
				COPY_PHASE_STRIP = NO;
				DEBUG_INFORMATION_FORMAT = "dwarf-with-dsym";
				ENABLE_NS_ASSERTIONS = NO;
				ENABLE_STRICT_OBJC_MSGSEND = YES;
				GCC_C_LANGUAGE_STANDARD = gnu11;
				GCC_NO_COMMON_BLOCKS = YES;
				GCC_WARN_64_TO_32_BIT_CONVERSION = YES;
				GCC_WARN_ABOUT_RETURN_TYPE = YES_ERROR;
				GCC_WARN_UNDECLARED_SELECTOR = YES;
				GCC_WARN_UNINITIALIZED_AUTOS = YES_AGGRESSIVE;
				GCC_WARN_UNUSED_FUNCTION = YES;
				GCC_WARN_UNUSED_VARIABLE = YES;
				IPHONEOS_DEPLOYMENT_TARGET = 13.1;
				MTL_ENABLE_DEBUG_INFO = NO;
				MTL_FAST_MATH = YES;
				SDKROOT = iphoneos;
				SWIFT_COMPILATION_MODE = wholemodule;
				SWIFT_OPTIMIZATION_LEVEL = "-O";
				VALIDATE_PRODUCT = YES;
			};
			name = Release;
		};
		F6ACFEFB254142B300019C73 /* Debug */ = {
			isa = XCBuildConfiguration;
			baseConfigurationReference = 8C455E29977733B68C0C0416 /* Pods-ZKSyncSample.debug.xcconfig */;
			buildSettings = {
				ASSETCATALOG_COMPILER_APPICON_NAME = AppIcon;
				CODE_SIGN_STYLE = Automatic;
				DEVELOPMENT_ASSET_PATHS = "\"ZKSyncSample/Preview Content\"";
				DEVELOPMENT_TEAM = 44AT5XMQNT;
				ENABLE_PREVIEWS = YES;
				INFOPLIST_FILE = ZKSyncSample/Info.plist;
				LD_RUNPATH_SEARCH_PATHS = (
					"$(inherited)",
					"@executable_path/Frameworks",
				);
				PRODUCT_BUNDLE_IDENTIFIER = "matter-labs.ZKSyncSample";
				PRODUCT_NAME = "$(TARGET_NAME)";
				SWIFT_VERSION = 5.0;
				TARGETED_DEVICE_FAMILY = "1,2";
			};
			name = Debug;
		};
		F6ACFEFC254142B300019C73 /* Release */ = {
			isa = XCBuildConfiguration;
			baseConfigurationReference = A01DED6C3BB79995481939D3 /* Pods-ZKSyncSample.release.xcconfig */;
			buildSettings = {
				ASSETCATALOG_COMPILER_APPICON_NAME = AppIcon;
				CODE_SIGN_STYLE = Automatic;
				DEVELOPMENT_ASSET_PATHS = "\"ZKSyncSample/Preview Content\"";
				DEVELOPMENT_TEAM = 44AT5XMQNT;
				ENABLE_PREVIEWS = YES;
				INFOPLIST_FILE = ZKSyncSample/Info.plist;
				LD_RUNPATH_SEARCH_PATHS = (
					"$(inherited)",
					"@executable_path/Frameworks",
				);
				PRODUCT_BUNDLE_IDENTIFIER = "matter-labs.ZKSyncSample";
				PRODUCT_NAME = "$(TARGET_NAME)";
				SWIFT_VERSION = 5.0;
				TARGETED_DEVICE_FAMILY = "1,2";
			};
			name = Release;
		};
/* End XCBuildConfiguration section */

/* Begin XCConfigurationList section */
		44FAB4D02670CCFB000B5292 /* Build configuration list for PBXNativeTarget "ZKSyncSampleTests" */ = {
			isa = XCConfigurationList;
			buildConfigurations = (
				44FAB4CE2670CCFB000B5292 /* Debug */,
				44FAB4CF2670CCFB000B5292 /* Release */,
			);
			defaultConfigurationIsVisible = 0;
			defaultConfigurationName = Release;
		};
		F6ACFEE1254142B200019C73 /* Build configuration list for PBXProject "ZKSyncSample" */ = {
			isa = XCConfigurationList;
			buildConfigurations = (
				F6ACFEF8254142B300019C73 /* Debug */,
				F6ACFEF9254142B300019C73 /* Release */,
			);
			defaultConfigurationIsVisible = 0;
			defaultConfigurationName = Release;
		};
		F6ACFEFA254142B300019C73 /* Build configuration list for PBXNativeTarget "ZKSyncSample" */ = {
			isa = XCConfigurationList;
			buildConfigurations = (
				F6ACFEFB254142B300019C73 /* Debug */,
				F6ACFEFC254142B300019C73 /* Release */,
			);
			defaultConfigurationIsVisible = 0;
			defaultConfigurationName = Release;
		};
/* End XCConfigurationList section */
	};
	rootObject = F6ACFEDE254142B200019C73 /* Project object */;
}
